{
  "object": {
    "pins": [
      {
        "package": "NetworkKit",
        "repositoryURL": "https://github.com/augustshultz/NetworkKit.git",
        "state": {
          "branch": null,
          "revision": "80262e415b84c3fd3b4720cb1893b55032416922",
          "version": "0.1.0"
        }
      }
    ]
  },
  "version": 1
}
